
Microsoft Visual Studio Solution File, Format Version 12.00
# Visual Studio 15
VisualStudioVersion = 15.0.28307.572
MinimumVisualStudioVersion = 10.0.40219.1
Project("{778DAE3C-4631-46EA-AA77-85C1314464D9}") = "1_Comparar", "1_Comparar\1_Comparar.vbproj", "{F1F144DA-C9C8-4A0E-824F-E38905C19D81}"
EndProject
Project("{778DAE3C-4631-46EA-AA77-85C1314464D9}") = "2_Menor", "2_Menor\2_Menor.vbproj", "{F73022D3-8595-4335-8091-8963F5FCBAEE}"
EndProject
Project("{778DAE3C-4631-46EA-AA77-85C1314464D9}") = "3_Tercero", "3_Tercero\3_Tercero.vbproj", "{EA1A953F-7F95-44EA-8A14-E0EB25A05763}"
EndProject
Project("{778DAE3C-4631-46EA-AA77-85C1314464D9}") = "4_Venta", "4_Venta\4_Venta.vbproj", "{00D7E37D-A375-4965-9CDA-0B88CAFDCD80}"
EndProject
Project("{778DAE3C-4631-46EA-AA77-85C1314464D9}") = "5_NombreMes", "5_NombreMes\5_NombreMes.vbproj", "{905A2F1B-B747-42EF-89B2-9D2507EAE25C}"
EndProject
Project("{778DAE3C-4631-46EA-AA77-85C1314464D9}") = "6_Venta2.0", "6_Venta2.0\6_Venta2.0.vbproj", "{5C3B4E8F-7AEA-4D99-A31F-AAD502B69442}"
EndProject
Project("{778DAE3C-4631-46EA-AA77-85C1314464D9}") = "7_Angulo", "7_Angulo\7_Angulo.vbproj", "{A42358AF-B149-4822-9069-7638EC80C16A}"
EndProject
Project("{778DAE3C-4631-46EA-AA77-85C1314464D9}") = "8_DiasMes", "8_DiasMes\8_DiasMes.vbproj", "{FDE8AE71-9A69-414D-BE65-536581BA40ED}"
EndProject
Project("{778DAE3C-4631-46EA-AA77-85C1314464D9}") = "9ConversionMedidas", "10_ConversionMedidas\9ConversionMedidas.vbproj", "{AA768E10-B90A-48B1-A5BF-6BB30AFF7DF3}"
EndProject
Project("{778DAE3C-4631-46EA-AA77-85C1314464D9}") = "10_MultiplosCinco", "10_MultiplosCinco\10_MultiplosCinco.vbproj", "{5265B4E1-17BD-4D7C-B625-ABC7B5E2495C}"
EndProject
Project("{778DAE3C-4631-46EA-AA77-85C1314464D9}") = "11_ParesImpares", "11_ParesImpares\11_ParesImpares.vbproj", "{248ECFBF-246F-4F0E-BF2F-7ACF4058488C}"
EndProject
Project("{778DAE3C-4631-46EA-AA77-85C1314464D9}") = "12_Fibonacci", "12_Fibonacci\12_Fibonacci.vbproj", "{80AD9520-0C89-40A3-9671-053A5C3E7DBD}"
EndProject
Project("{778DAE3C-4631-46EA-AA77-85C1314464D9}") = "13_Primos", "13_Primos\13_Primos.vbproj", "{A305F3AF-9816-41BA-B11C-56D1D6717EA2}"
EndProject
Project("{778DAE3C-4631-46EA-AA77-85C1314464D9}") = "14_Descuento", "14_Descuento\14_Descuento.vbproj", "{215E021B-F3C2-4C90-BF0C-E621F9C043DC}"
EndProject
Project("{778DAE3C-4631-46EA-AA77-85C1314464D9}") = "15_Deposito", "15_Deposito\15_Deposito.vbproj", "{48444644-DDA4-4D49-BDF1-BB13CBEBC7B9}"
EndProject
Project("{778DAE3C-4631-46EA-AA77-85C1314464D9}") = "16_Operaciones", "16_Operaciones\16_Operaciones.vbproj", "{8F6AC6F3-6CFE-47A3-A26E-EBA96B6CE7D2}"
EndProject
Project("{F184B08F-C81C-45F6-A57F-5ABD9991F28F}") = "17_Operaciones1", "17_Operaciones1\17_Operaciones1.vbproj", "{C2D8ADF6-B2B6-4A0B-B767-1E111EAB8C30}"
EndProject
Project("{F184B08F-C81C-45F6-A57F-5ABD9991F28F}") = "18_Hipotenusa1", "18_Hipotenusa1\18_Hipotenusa1.vbproj", "{3CAE2D24-E41D-40BF-9264-2FE14A9C320D}"
EndProject
Project("{F184B08F-C81C-45F6-A57F-5ABD9991F28F}") = "19_VolumenCilindro", "19_VolumenCilindro\19_VolumenCilindro.vbproj", "{A27E030F-F0BC-45AF-9C1B-14D0C5EFCB79}"
EndProject
Project("{F184B08F-C81C-45F6-A57F-5ABD9991F28F}") = "20_Sumatoria", "20_Sumatoria\20_Sumatoria.vbproj", "{910D26C9-3ACF-433E-A980-5667E4B5E350}"
EndProject
Global
	GlobalSection(SolutionConfigurationPlatforms) = preSolution
		Debug|Any CPU = Debug|Any CPU
		Debug|x64 = Debug|x64
		Debug|x86 = Debug|x86
		Release|Any CPU = Release|Any CPU
		Release|x64 = Release|x64
		Release|x86 = Release|x86
	EndGlobalSection
	GlobalSection(ProjectConfigurationPlatforms) = postSolution
		{F1F144DA-C9C8-4A0E-824F-E38905C19D81}.Debug|Any CPU.ActiveCfg = Debug|Any CPU
		{F1F144DA-C9C8-4A0E-824F-E38905C19D81}.Debug|Any CPU.Build.0 = Debug|Any CPU
		{F1F144DA-C9C8-4A0E-824F-E38905C19D81}.Debug|x64.ActiveCfg = Debug|Any CPU
		{F1F144DA-C9C8-4A0E-824F-E38905C19D81}.Debug|x64.Build.0 = Debug|Any CPU
		{F1F144DA-C9C8-4A0E-824F-E38905C19D81}.Debug|x86.ActiveCfg = Debug|Any CPU
		{F1F144DA-C9C8-4A0E-824F-E38905C19D81}.Debug|x86.Build.0 = Debug|Any CPU
		{F1F144DA-C9C8-4A0E-824F-E38905C19D81}.Release|Any CPU.ActiveCfg = Release|Any CPU
		{F1F144DA-C9C8-4A0E-824F-E38905C19D81}.Release|Any CPU.Build.0 = Release|Any CPU
		{F1F144DA-C9C8-4A0E-824F-E38905C19D81}.Release|x64.ActiveCfg = Release|Any CPU
		{F1F144DA-C9C8-4A0E-824F-E38905C19D81}.Release|x64.Build.0 = Release|Any CPU
		{F1F144DA-C9C8-4A0E-824F-E38905C19D81}.Release|x86.ActiveCfg = Release|Any CPU
		{F1F144DA-C9C8-4A0E-824F-E38905C19D81}.Release|x86.Build.0 = Release|Any CPU
		{F73022D3-8595-4335-8091-8963F5FCBAEE}.Debug|Any CPU.ActiveCfg = Debug|Any CPU
		{F73022D3-8595-4335-8091-8963F5FCBAEE}.Debug|Any CPU.Build.0 = Debug|Any CPU
		{F73022D3-8595-4335-8091-8963F5FCBAEE}.Debug|x64.ActiveCfg = Debug|Any CPU
		{F73022D3-8595-4335-8091-8963F5FCBAEE}.Debug|x64.Build.0 = Debug|Any CPU
		{F73022D3-8595-4335-8091-8963F5FCBAEE}.Debug|x86.ActiveCfg = Debug|Any CPU
		{F73022D3-8595-4335-8091-8963F5FCBAEE}.Debug|x86.Build.0 = Debug|Any CPU
		{F73022D3-8595-4335-8091-8963F5FCBAEE}.Release|Any CPU.ActiveCfg = Release|Any CPU
		{F73022D3-8595-4335-8091-8963F5FCBAEE}.Release|Any CPU.Build.0 = Release|Any CPU
		{F73022D3-8595-4335-8091-8963F5FCBAEE}.Release|x64.ActiveCfg = Release|Any CPU
		{F73022D3-8595-4335-8091-8963F5FCBAEE}.Release|x64.Build.0 = Release|Any CPU
		{F73022D3-8595-4335-8091-8963F5FCBAEE}.Release|x86.ActiveCfg = Release|Any CPU
		{F73022D3-8595-4335-8091-8963F5FCBAEE}.Release|x86.Build.0 = Release|Any CPU
		{EA1A953F-7F95-44EA-8A14-E0EB25A05763}.Debug|Any CPU.ActiveCfg = Debug|Any CPU
		{EA1A953F-7F95-44EA-8A14-E0EB25A05763}.Debug|Any CPU.Build.0 = Debug|Any CPU
		{EA1A953F-7F95-44EA-8A14-E0EB25A05763}.Debug|x64.ActiveCfg = Debug|Any CPU
		{EA1A953F-7F95-44EA-8A14-E0EB25A05763}.Debug|x64.Build.0 = Debug|Any CPU
		{EA1A953F-7F95-44EA-8A14-E0EB25A05763}.Debug|x86.ActiveCfg = Debug|Any CPU
		{EA1A953F-7F95-44EA-8A14-E0EB25A05763}.Debug|x86.Build.0 = Debug|Any CPU
		{EA1A953F-7F95-44EA-8A14-E0EB25A05763}.Release|Any CPU.ActiveCfg = Release|Any CPU
		{EA1A953F-7F95-44EA-8A14-E0EB25A05763}.Release|Any CPU.Build.0 = Release|Any CPU
		{EA1A953F-7F95-44EA-8A14-E0EB25A05763}.Release|x64.ActiveCfg = Release|Any CPU
		{EA1A953F-7F95-44EA-8A14-E0EB25A05763}.Release|x64.Build.0 = Release|Any CPU
		{EA1A953F-7F95-44EA-8A14-E0EB25A05763}.Release|x86.ActiveCfg = Release|Any CPU
		{EA1A953F-7F95-44EA-8A14-E0EB25A05763}.Release|x86.Build.0 = Release|Any CPU
		{00D7E37D-A375-4965-9CDA-0B88CAFDCD80}.Debug|Any CPU.ActiveCfg = Debug|Any CPU
		{00D7E37D-A375-4965-9CDA-0B88CAFDCD80}.Debug|Any CPU.Build.0 = Debug|Any CPU
		{00D7E37D-A375-4965-9CDA-0B88CAFDCD80}.Debug|x64.ActiveCfg = Debug|Any CPU
		{00D7E37D-A375-4965-9CDA-0B88CAFDCD80}.Debug|x64.Build.0 = Debug|Any CPU
		{00D7E37D-A375-4965-9CDA-0B88CAFDCD80}.Debug|x86.ActiveCfg = Debug|Any CPU
		{00D7E37D-A375-4965-9CDA-0B88CAFDCD80}.Debug|x86.Build.0 = Debug|Any CPU
		{00D7E37D-A375-4965-9CDA-0B88CAFDCD80}.Release|Any CPU.ActiveCfg = Release|Any CPU
		{00D7E37D-A375-4965-9CDA-0B88CAFDCD80}.Release|Any CPU.Build.0 = Release|Any CPU
		{00D7E37D-A375-4965-9CDA-0B88CAFDCD80}.Release|x64.ActiveCfg = Release|Any CPU
		{00D7E37D-A375-4965-9CDA-0B88CAFDCD80}.Release|x64.Build.0 = Release|Any CPU
		{00D7E37D-A375-4965-9CDA-0B88CAFDCD80}.Release|x86.ActiveCfg = Release|Any CPU
		{00D7E37D-A375-4965-9CDA-0B88CAFDCD80}.Release|x86.Build.0 = Release|Any CPU
		{905A2F1B-B747-42EF-89B2-9D2507EAE25C}.Debug|Any CPU.ActiveCfg = Debug|Any CPU
		{905A2F1B-B747-42EF-89B2-9D2507EAE25C}.Debug|Any CPU.Build.0 = Debug|Any CPU
		{905A2F1B-B747-42EF-89B2-9D2507EAE25C}.Debug|x64.ActiveCfg = Debug|Any CPU
		{905A2F1B-B747-42EF-89B2-9D2507EAE25C}.Debug|x64.Build.0 = Debug|Any CPU
		{905A2F1B-B747-42EF-89B2-9D2507EAE25C}.Debug|x86.ActiveCfg = Debug|Any CPU
		{905A2F1B-B747-42EF-89B2-9D2507EAE25C}.Debug|x86.Build.0 = Debug|Any CPU
		{905A2F1B-B747-42EF-89B2-9D2507EAE25C}.Release|Any CPU.ActiveCfg = Release|Any CPU
		{905A2F1B-B747-42EF-89B2-9D2507EAE25C}.Release|Any CPU.Build.0 = Release|Any CPU
		{905A2F1B-B747-42EF-89B2-9D2507EAE25C}.Release|x64.ActiveCfg = Release|Any CPU
		{905A2F1B-B747-42EF-89B2-9D2507EAE25C}.Release|x64.Build.0 = Release|Any CPU
		{905A2F1B-B747-42EF-89B2-9D2507EAE25C}.Release|x86.ActiveCfg = Release|Any CPU
		{905A2F1B-B747-42EF-89B2-9D2507EAE25C}.Release|x86.Build.0 = Release|Any CPU
		{5C3B4E8F-7AEA-4D99-A31F-AAD502B69442}.Debug|Any CPU.ActiveCfg = Debug|Any CPU
		{5C3B4E8F-7AEA-4D99-A31F-AAD502B69442}.Debug|Any CPU.Build.0 = Debug|Any CPU
		{5C3B4E8F-7AEA-4D99-A31F-AAD502B69442}.Debug|x64.ActiveCfg = Debug|Any CPU
		{5C3B4E8F-7AEA-4D99-A31F-AAD502B69442}.Debug|x64.Build.0 = Debug|Any CPU
		{5C3B4E8F-7AEA-4D99-A31F-AAD502B69442}.Debug|x86.ActiveCfg = Debug|Any CPU
		{5C3B4E8F-7AEA-4D99-A31F-AAD502B69442}.Debug|x86.Build.0 = Debug|Any CPU
		{5C3B4E8F-7AEA-4D99-A31F-AAD502B69442}.Release|Any CPU.ActiveCfg = Release|Any CPU
		{5C3B4E8F-7AEA-4D99-A31F-AAD502B69442}.Release|Any CPU.Build.0 = Release|Any CPU
		{5C3B4E8F-7AEA-4D99-A31F-AAD502B69442}.Release|x64.ActiveCfg = Release|Any CPU
		{5C3B4E8F-7AEA-4D99-A31F-AAD502B69442}.Release|x64.Build.0 = Release|Any CPU
		{5C3B4E8F-7AEA-4D99-A31F-AAD502B69442}.Release|x86.ActiveCfg = Release|Any CPU
		{5C3B4E8F-7AEA-4D99-A31F-AAD502B69442}.Release|x86.Build.0 = Release|Any CPU
		{A42358AF-B149-4822-9069-7638EC80C16A}.Debug|Any CPU.ActiveCfg = Debug|Any CPU
		{A42358AF-B149-4822-9069-7638EC80C16A}.Debug|Any CPU.Build.0 = Debug|Any CPU
		{A42358AF-B149-4822-9069-7638EC80C16A}.Debug|x64.ActiveCfg = Debug|Any CPU
		{A42358AF-B149-4822-9069-7638EC80C16A}.Debug|x64.Build.0 = Debug|Any CPU
		{A42358AF-B149-4822-9069-7638EC80C16A}.Debug|x86.ActiveCfg = Debug|Any CPU
		{A42358AF-B149-4822-9069-7638EC80C16A}.Debug|x86.Build.0 = Debug|Any CPU
		{A42358AF-B149-4822-9069-7638EC80C16A}.Release|Any CPU.ActiveCfg = Release|Any CPU
		{A42358AF-B149-4822-9069-7638EC80C16A}.Release|Any CPU.Build.0 = Release|Any CPU
		{A42358AF-B149-4822-9069-7638EC80C16A}.Release|x64.ActiveCfg = Release|Any CPU
		{A42358AF-B149-4822-9069-7638EC80C16A}.Release|x64.Build.0 = Release|Any CPU
		{A42358AF-B149-4822-9069-7638EC80C16A}.Release|x86.ActiveCfg = Release|Any CPU
		{A42358AF-B149-4822-9069-7638EC80C16A}.Release|x86.Build.0 = Release|Any CPU
		{FDE8AE71-9A69-414D-BE65-536581BA40ED}.Debug|Any CPU.ActiveCfg = Debug|Any CPU
		{FDE8AE71-9A69-414D-BE65-536581BA40ED}.Debug|Any CPU.Build.0 = Debug|Any CPU
		{FDE8AE71-9A69-414D-BE65-536581BA40ED}.Debug|x64.ActiveCfg = Debug|Any CPU
		{FDE8AE71-9A69-414D-BE65-536581BA40ED}.Debug|x64.Build.0 = Debug|Any CPU
		{FDE8AE71-9A69-414D-BE65-536581BA40ED}.Debug|x86.ActiveCfg = Debug|Any CPU
		{FDE8AE71-9A69-414D-BE65-536581BA40ED}.Debug|x86.Build.0 = Debug|Any CPU
		{FDE8AE71-9A69-414D-BE65-536581BA40ED}.Release|Any CPU.ActiveCfg = Release|Any CPU
		{FDE8AE71-9A69-414D-BE65-536581BA40ED}.Release|Any CPU.Build.0 = Release|Any CPU
		{FDE8AE71-9A69-414D-BE65-536581BA40ED}.Release|x64.ActiveCfg = Release|Any CPU
		{FDE8AE71-9A69-414D-BE65-536581BA40ED}.Release|x64.Build.0 = Release|Any CPU
		{FDE8AE71-9A69-414D-BE65-536581BA40ED}.Release|x86.ActiveCfg = Release|Any CPU
		{FDE8AE71-9A69-414D-BE65-536581BA40ED}.Release|x86.Build.0 = Release|Any CPU
		{AA768E10-B90A-48B1-A5BF-6BB30AFF7DF3}.Debug|Any CPU.ActiveCfg = Debug|Any CPU
		{AA768E10-B90A-48B1-A5BF-6BB30AFF7DF3}.Debug|Any CPU.Build.0 = Debug|Any CPU
		{AA768E10-B90A-48B1-A5BF-6BB30AFF7DF3}.Debug|x64.ActiveCfg = Debug|Any CPU
		{AA768E10-B90A-48B1-A5BF-6BB30AFF7DF3}.Debug|x64.Build.0 = Debug|Any CPU
		{AA768E10-B90A-48B1-A5BF-6BB30AFF7DF3}.Debug|x86.ActiveCfg = Debug|Any CPU
		{AA768E10-B90A-48B1-A5BF-6BB30AFF7DF3}.Debug|x86.Build.0 = Debug|Any CPU
		{AA768E10-B90A-48B1-A5BF-6BB30AFF7DF3}.Release|Any CPU.ActiveCfg = Release|Any CPU
		{AA768E10-B90A-48B1-A5BF-6BB30AFF7DF3}.Release|Any CPU.Build.0 = Release|Any CPU
		{AA768E10-B90A-48B1-A5BF-6BB30AFF7DF3}.Release|x64.ActiveCfg = Release|Any CPU
		{AA768E10-B90A-48B1-A5BF-6BB30AFF7DF3}.Release|x64.Build.0 = Release|Any CPU
		{AA768E10-B90A-48B1-A5BF-6BB30AFF7DF3}.Release|x86.ActiveCfg = Release|Any CPU
		{AA768E10-B90A-48B1-A5BF-6BB30AFF7DF3}.Release|x86.Build.0 = Release|Any CPU
		{5265B4E1-17BD-4D7C-B625-ABC7B5E2495C}.Debug|Any CPU.ActiveCfg = Debug|Any CPU
		{5265B4E1-17BD-4D7C-B625-ABC7B5E2495C}.Debug|Any CPU.Build.0 = Debug|Any CPU
		{5265B4E1-17BD-4D7C-B625-ABC7B5E2495C}.Debug|x64.ActiveCfg = Debug|Any CPU
		{5265B4E1-17BD-4D7C-B625-ABC7B5E2495C}.Debug|x64.Build.0 = Debug|Any CPU
		{5265B4E1-17BD-4D7C-B625-ABC7B5E2495C}.Debug|x86.ActiveCfg = Debug|Any CPU
		{5265B4E1-17BD-4D7C-B625-ABC7B5E2495C}.Debug|x86.Build.0 = Debug|Any CPU
		{5265B4E1-17BD-4D7C-B625-ABC7B5E2495C}.Release|Any CPU.ActiveCfg = Release|Any CPU
		{5265B4E1-17BD-4D7C-B625-ABC7B5E2495C}.Release|Any CPU.Build.0 = Release|Any CPU
		{5265B4E1-17BD-4D7C-B625-ABC7B5E2495C}.Release|x64.ActiveCfg = Release|Any CPU
		{5265B4E1-17BD-4D7C-B625-ABC7B5E2495C}.Release|x64.Build.0 = Release|Any CPU
		{5265B4E1-17BD-4D7C-B625-ABC7B5E2495C}.Release|x86.ActiveCfg = Release|Any CPU
		{5265B4E1-17BD-4D7C-B625-ABC7B5E2495C}.Release|x86.Build.0 = Release|Any CPU
		{248ECFBF-246F-4F0E-BF2F-7ACF4058488C}.Debug|Any CPU.ActiveCfg = Debug|Any CPU
		{248ECFBF-246F-4F0E-BF2F-7ACF4058488C}.Debug|Any CPU.Build.0 = Debug|Any CPU
		{248ECFBF-246F-4F0E-BF2F-7ACF4058488C}.Debug|x64.ActiveCfg = Debug|Any CPU
		{248ECFBF-246F-4F0E-BF2F-7ACF4058488C}.Debug|x64.Build.0 = Debug|Any CPU
		{248ECFBF-246F-4F0E-BF2F-7ACF4058488C}.Debug|x86.ActiveCfg = Debug|Any CPU
		{248ECFBF-246F-4F0E-BF2F-7ACF4058488C}.Debug|x86.Build.0 = Debug|Any CPU
		{248ECFBF-246F-4F0E-BF2F-7ACF4058488C}.Release|Any CPU.ActiveCfg = Release|Any CPU
		{248ECFBF-246F-4F0E-BF2F-7ACF4058488C}.Release|Any CPU.Build.0 = Release|Any CPU
		{248ECFBF-246F-4F0E-BF2F-7ACF4058488C}.Release|x64.ActiveCfg = Release|Any CPU
		{248ECFBF-246F-4F0E-BF2F-7ACF4058488C}.Release|x64.Build.0 = Release|Any CPU
		{248ECFBF-246F-4F0E-BF2F-7ACF4058488C}.Release|x86.ActiveCfg = Release|Any CPU
		{248ECFBF-246F-4F0E-BF2F-7ACF4058488C}.Release|x86.Build.0 = Release|Any CPU
		{80AD9520-0C89-40A3-9671-053A5C3E7DBD}.Debug|Any CPU.ActiveCfg = Debug|Any CPU
		{80AD9520-0C89-40A3-9671-053A5C3E7DBD}.Debug|Any CPU.Build.0 = Debug|Any CPU
		{80AD9520-0C89-40A3-9671-053A5C3E7DBD}.Debug|x64.ActiveCfg = Debug|Any CPU
		{80AD9520-0C89-40A3-9671-053A5C3E7DBD}.Debug|x64.Build.0 = Debug|Any CPU
		{80AD9520-0C89-40A3-9671-053A5C3E7DBD}.Debug|x86.ActiveCfg = Debug|Any CPU
		{80AD9520-0C89-40A3-9671-053A5C3E7DBD}.Debug|x86.Build.0 = Debug|Any CPU
		{80AD9520-0C89-40A3-9671-053A5C3E7DBD}.Release|Any CPU.ActiveCfg = Release|Any CPU
		{80AD9520-0C89-40A3-9671-053A5C3E7DBD}.Release|Any CPU.Build.0 = Release|Any CPU
		{80AD9520-0C89-40A3-9671-053A5C3E7DBD}.Release|x64.ActiveCfg = Release|Any CPU
		{80AD9520-0C89-40A3-9671-053A5C3E7DBD}.Release|x64.Build.0 = Release|Any CPU
		{80AD9520-0C89-40A3-9671-053A5C3E7DBD}.Release|x86.ActiveCfg = Release|Any CPU
		{80AD9520-0C89-40A3-9671-053A5C3E7DBD}.Release|x86.Build.0 = Release|Any CPU
		{A305F3AF-9816-41BA-B11C-56D1D6717EA2}.Debug|Any CPU.ActiveCfg = Debug|Any CPU
		{A305F3AF-9816-41BA-B11C-56D1D6717EA2}.Debug|Any CPU.Build.0 = Debug|Any CPU
		{A305F3AF-9816-41BA-B11C-56D1D6717EA2}.Debug|x64.ActiveCfg = Debug|Any CPU
		{A305F3AF-9816-41BA-B11C-56D1D6717EA2}.Debug|x64.Build.0 = Debug|Any CPU
		{A305F3AF-9816-41BA-B11C-56D1D6717EA2}.Debug|x86.ActiveCfg = Debug|Any CPU
		{A305F3AF-9816-41BA-B11C-56D1D6717EA2}.Debug|x86.Build.0 = Debug|Any CPU
		{A305F3AF-9816-41BA-B11C-56D1D6717EA2}.Release|Any CPU.ActiveCfg = Release|Any CPU
		{A305F3AF-9816-41BA-B11C-56D1D6717EA2}.Release|Any CPU.Build.0 = Release|Any CPU
		{A305F3AF-9816-41BA-B11C-56D1D6717EA2}.Release|x64.ActiveCfg = Release|Any CPU
		{A305F3AF-9816-41BA-B11C-56D1D6717EA2}.Release|x64.Build.0 = Release|Any CPU
		{A305F3AF-9816-41BA-B11C-56D1D6717EA2}.Release|x86.ActiveCfg = Release|Any CPU
		{A305F3AF-9816-41BA-B11C-56D1D6717EA2}.Release|x86.Build.0 = Release|Any CPU
		{215E021B-F3C2-4C90-BF0C-E621F9C043DC}.Debug|Any CPU.ActiveCfg = Debug|Any CPU
		{215E021B-F3C2-4C90-BF0C-E621F9C043DC}.Debug|Any CPU.Build.0 = Debug|Any CPU
		{215E021B-F3C2-4C90-BF0C-E621F9C043DC}.Debug|x64.ActiveCfg = Debug|Any CPU
		{215E021B-F3C2-4C90-BF0C-E621F9C043DC}.Debug|x64.Build.0 = Debug|Any CPU
		{215E021B-F3C2-4C90-BF0C-E621F9C043DC}.Debug|x86.ActiveCfg = Debug|Any CPU
		{215E021B-F3C2-4C90-BF0C-E621F9C043DC}.Debug|x86.Build.0 = Debug|Any CPU
		{215E021B-F3C2-4C90-BF0C-E621F9C043DC}.Release|Any CPU.ActiveCfg = Release|Any CPU
		{215E021B-F3C2-4C90-BF0C-E621F9C043DC}.Release|Any CPU.Build.0 = Release|Any CPU
		{215E021B-F3C2-4C90-BF0C-E621F9C043DC}.Release|x64.ActiveCfg = Release|Any CPU
		{215E021B-F3C2-4C90-BF0C-E621F9C043DC}.Release|x64.Build.0 = Release|Any CPU
		{215E021B-F3C2-4C90-BF0C-E621F9C043DC}.Release|x86.ActiveCfg = Release|Any CPU
		{215E021B-F3C2-4C90-BF0C-E621F9C043DC}.Release|x86.Build.0 = Release|Any CPU
		{48444644-DDA4-4D49-BDF1-BB13CBEBC7B9}.Debug|Any CPU.ActiveCfg = Debug|Any CPU
		{48444644-DDA4-4D49-BDF1-BB13CBEBC7B9}.Debug|Any CPU.Build.0 = Debug|Any CPU
		{48444644-DDA4-4D49-BDF1-BB13CBEBC7B9}.Debug|x64.ActiveCfg = Debug|Any CPU
		{48444644-DDA4-4D49-BDF1-BB13CBEBC7B9}.Debug|x64.Build.0 = Debug|Any CPU
		{48444644-DDA4-4D49-BDF1-BB13CBEBC7B9}.Debug|x86.ActiveCfg = Debug|Any CPU
		{48444644-DDA4-4D49-BDF1-BB13CBEBC7B9}.Debug|x86.Build.0 = Debug|Any CPU
		{48444644-DDA4-4D49-BDF1-BB13CBEBC7B9}.Release|Any CPU.ActiveCfg = Release|Any CPU
		{48444644-DDA4-4D49-BDF1-BB13CBEBC7B9}.Release|Any CPU.Build.0 = Release|Any CPU
		{48444644-DDA4-4D49-BDF1-BB13CBEBC7B9}.Release|x64.ActiveCfg = Release|Any CPU
		{48444644-DDA4-4D49-BDF1-BB13CBEBC7B9}.Release|x64.Build.0 = Release|Any CPU
		{48444644-DDA4-4D49-BDF1-BB13CBEBC7B9}.Release|x86.ActiveCfg = Release|Any CPU
		{48444644-DDA4-4D49-BDF1-BB13CBEBC7B9}.Release|x86.Build.0 = Release|Any CPU
		{8F6AC6F3-6CFE-47A3-A26E-EBA96B6CE7D2}.Debug|Any CPU.ActiveCfg = Debug|Any CPU
		{8F6AC6F3-6CFE-47A3-A26E-EBA96B6CE7D2}.Debug|Any CPU.Build.0 = Debug|Any CPU
		{8F6AC6F3-6CFE-47A3-A26E-EBA96B6CE7D2}.Debug|x64.ActiveCfg = Debug|Any CPU
		{8F6AC6F3-6CFE-47A3-A26E-EBA96B6CE7D2}.Debug|x64.Build.0 = Debug|Any CPU
		{8F6AC6F3-6CFE-47A3-A26E-EBA96B6CE7D2}.Debug|x86.ActiveCfg = Debug|Any CPU
		{8F6AC6F3-6CFE-47A3-A26E-EBA96B6CE7D2}.Debug|x86.Build.0 = Debug|Any CPU
		{8F6AC6F3-6CFE-47A3-A26E-EBA96B6CE7D2}.Release|Any CPU.ActiveCfg = Release|Any CPU
		{8F6AC6F3-6CFE-47A3-A26E-EBA96B6CE7D2}.Release|Any CPU.Build.0 = Release|Any CPU
		{8F6AC6F3-6CFE-47A3-A26E-EBA96B6CE7D2}.Release|x64.ActiveCfg = Release|Any CPU
		{8F6AC6F3-6CFE-47A3-A26E-EBA96B6CE7D2}.Release|x64.Build.0 = Release|Any CPU
		{8F6AC6F3-6CFE-47A3-A26E-EBA96B6CE7D2}.Release|x86.ActiveCfg = Release|Any CPU
		{8F6AC6F3-6CFE-47A3-A26E-EBA96B6CE7D2}.Release|x86.Build.0 = Release|Any CPU
		{C2D8ADF6-B2B6-4A0B-B767-1E111EAB8C30}.Debug|Any CPU.ActiveCfg = Debug|Any CPU
		{C2D8ADF6-B2B6-4A0B-B767-1E111EAB8C30}.Debug|Any CPU.Build.0 = Debug|Any CPU
		{C2D8ADF6-B2B6-4A0B-B767-1E111EAB8C30}.Debug|x64.ActiveCfg = Debug|Any CPU
		{C2D8ADF6-B2B6-4A0B-B767-1E111EAB8C30}.Debug|x64.Build.0 = Debug|Any CPU
		{C2D8ADF6-B2B6-4A0B-B767-1E111EAB8C30}.Debug|x86.ActiveCfg = Debug|Any CPU
		{C2D8ADF6-B2B6-4A0B-B767-1E111EAB8C30}.Debug|x86.Build.0 = Debug|Any CPU
		{C2D8ADF6-B2B6-4A0B-B767-1E111EAB8C30}.Release|Any CPU.ActiveCfg = Release|Any CPU
		{C2D8ADF6-B2B6-4A0B-B767-1E111EAB8C30}.Release|Any CPU.Build.0 = Release|Any CPU
		{C2D8ADF6-B2B6-4A0B-B767-1E111EAB8C30}.Release|x64.ActiveCfg = Release|Any CPU
		{C2D8ADF6-B2B6-4A0B-B767-1E111EAB8C30}.Release|x64.Build.0 = Release|Any CPU
		{C2D8ADF6-B2B6-4A0B-B767-1E111EAB8C30}.Release|x86.ActiveCfg = Release|Any CPU
		{C2D8ADF6-B2B6-4A0B-B767-1E111EAB8C30}.Release|x86.Build.0 = Release|Any CPU
		{3CAE2D24-E41D-40BF-9264-2FE14A9C320D}.Debug|Any CPU.ActiveCfg = Debug|Any CPU
		{3CAE2D24-E41D-40BF-9264-2FE14A9C320D}.Debug|Any CPU.Build.0 = Debug|Any CPU
		{3CAE2D24-E41D-40BF-9264-2FE14A9C320D}.Debug|x64.ActiveCfg = Debug|Any CPU
		{3CAE2D24-E41D-40BF-9264-2FE14A9C320D}.Debug|x64.Build.0 = Debug|Any CPU
		{3CAE2D24-E41D-40BF-9264-2FE14A9C320D}.Debug|x86.ActiveCfg = Debug|Any CPU
		{3CAE2D24-E41D-40BF-9264-2FE14A9C320D}.Debug|x86.Build.0 = Debug|Any CPU
		{3CAE2D24-E41D-40BF-9264-2FE14A9C320D}.Release|Any CPU.ActiveCfg = Release|Any CPU
		{3CAE2D24-E41D-40BF-9264-2FE14A9C320D}.Release|Any CPU.Build.0 = Release|Any CPU
		{3CAE2D24-E41D-40BF-9264-2FE14A9C320D}.Release|x64.ActiveCfg = Release|Any CPU
		{3CAE2D24-E41D-40BF-9264-2FE14A9C320D}.Release|x64.Build.0 = Release|Any CPU
		{3CAE2D24-E41D-40BF-9264-2FE14A9C320D}.Release|x86.ActiveCfg = Release|Any CPU
		{3CAE2D24-E41D-40BF-9264-2FE14A9C320D}.Release|x86.Build.0 = Release|Any CPU
		{A27E030F-F0BC-45AF-9C1B-14D0C5EFCB79}.Debug|Any CPU.ActiveCfg = Debug|Any CPU
		{A27E030F-F0BC-45AF-9C1B-14D0C5EFCB79}.Debug|Any CPU.Build.0 = Debug|Any CPU
		{A27E030F-F0BC-45AF-9C1B-14D0C5EFCB79}.Debug|x64.ActiveCfg = Debug|Any CPU
		{A27E030F-F0BC-45AF-9C1B-14D0C5EFCB79}.Debug|x64.Build.0 = Debug|Any CPU
		{A27E030F-F0BC-45AF-9C1B-14D0C5EFCB79}.Debug|x86.ActiveCfg = Debug|Any CPU
		{A27E030F-F0BC-45AF-9C1B-14D0C5EFCB79}.Debug|x86.Build.0 = Debug|Any CPU
		{A27E030F-F0BC-45AF-9C1B-14D0C5EFCB79}.Release|Any CPU.ActiveCfg = Release|Any CPU
		{A27E030F-F0BC-45AF-9C1B-14D0C5EFCB79}.Release|Any CPU.Build.0 = Release|Any CPU
		{A27E030F-F0BC-45AF-9C1B-14D0C5EFCB79}.Release|x64.ActiveCfg = Release|Any CPU
		{A27E030F-F0BC-45AF-9C1B-14D0C5EFCB79}.Release|x64.Build.0 = Release|Any CPU
		{A27E030F-F0BC-45AF-9C1B-14D0C5EFCB79}.Release|x86.ActiveCfg = Release|Any CPU
		{A27E030F-F0BC-45AF-9C1B-14D0C5EFCB79}.Release|x86.Build.0 = Release|Any CPU
		{910D26C9-3ACF-433E-A980-5667E4B5E350}.Debug|Any CPU.ActiveCfg = Debug|Any CPU
		{910D26C9-3ACF-433E-A980-5667E4B5E350}.Debug|Any CPU.Build.0 = Debug|Any CPU
		{910D26C9-3ACF-433E-A980-5667E4B5E350}.Debug|x64.ActiveCfg = Debug|Any CPU
		{910D26C9-3ACF-433E-A980-5667E4B5E350}.Debug|x64.Build.0 = Debug|Any CPU
		{910D26C9-3ACF-433E-A980-5667E4B5E350}.Debug|x86.ActiveCfg = Debug|Any CPU
		{910D26C9-3ACF-433E-A980-5667E4B5E350}.Debug|x86.Build.0 = Debug|Any CPU
		{910D26C9-3ACF-433E-A980-5667E4B5E350}.Release|Any CPU.ActiveCfg = Release|Any CPU
		{910D26C9-3ACF-433E-A980-5667E4B5E350}.Release|Any CPU.Build.0 = Release|Any CPU
		{910D26C9-3ACF-433E-A980-5667E4B5E350}.Release|x64.ActiveCfg = Release|Any CPU
		{910D26C9-3ACF-433E-A980-5667E4B5E350}.Release|x64.Build.0 = Release|Any CPU
		{910D26C9-3ACF-433E-A980-5667E4B5E350}.Release|x86.ActiveCfg = Release|Any CPU
		{910D26C9-3ACF-433E-A980-5667E4B5E350}.Release|x86.Build.0 = Release|Any CPU
	EndGlobalSection
	GlobalSection(SolutionProperties) = preSolution
		HideSolutionNode = FALSE
	EndGlobalSection
	GlobalSection(ExtensibilityGlobals) = postSolution
		SolutionGuid = {87BAD7D8-DF58-4020-AEB8-8EF13301BE37}
	EndGlobalSection
EndGlobal
